// !$*UTF8*$!
{
	archiveVersion = 1;
	classes = {
	};
	objectVersion = 46;
	objects = {

/* Begin PBXBuildFile section */
		4804A3701B8EB4DB00C473B9 /* main.m in Sources */ = {isa = PBXBuildFile; fileRef = 4804A36F1B8EB4DB00C473B9 /* main.m */; };
		4804A3731B8EB4DB00C473B9 /* AppDelegate.m in Sources */ = {isa = PBXBuildFile; fileRef = 4804A3721B8EB4DB00C473B9 /* AppDelegate.m */; };
		4804A3761B8EB4DB00C473B9 /* ViewController.m in Sources */ = {isa = PBXBuildFile; fileRef = 4804A3751B8EB4DB00C473B9 /* ViewController.m */; };
		4804A3791B8EB4DB00C473B9 /* Main.storyboard in Resources */ = {isa = PBXBuildFile; fileRef = 4804A3771B8EB4DB00C473B9 /* Main.storyboard */; };
		4804A37B1B8EB4DB00C473B9 /* Images.xcassets in Resources */ = {isa = PBXBuildFile; fileRef = 4804A37A1B8EB4DB00C473B9 /* Images.xcassets */; };
		4804A37E1B8EB4DB00C473B9 /* LaunchScreen.xib in Resources */ = {isa = PBXBuildFile; fileRef = 4804A37C1B8EB4DB00C473B9 /* LaunchScreen.xib */; };
		4804A38A1B8EB4DB00C473B9 /* _04NSURLConnection_POST_DelegateTests.m in Sources */ = {isa = PBXBuildFile; fileRef = 4804A3891B8EB4DB00C473B9 /* _04NSURLConnection_POST_DelegateTests.m */; };
		48476B2B1B8EE0AC007CF168 /* NSString+URLEncoding.m in Sources */ = {isa = PBXBuildFile; fileRef = 48476B2A1B8EE0AC007CF168 /* NSString+URLEncoding.m */; };
/* End PBXBuildFile section */

/* Begin PBXContainerItemProxy section */
		4804A3841B8EB4DB00C473B9 /* PBXContainerItemProxy */ = {
			isa = PBXContainerItemProxy;
			containerPortal = 4804A3621B8EB4DB00C473B9 /* Project object */;
			proxyType = 1;
			remoteGlobalIDString = 4804A3691B8EB4DB00C473B9;
			remoteInfo = "004NSURLConnection-POST-Delegate";
		};
/* End PBXContainerItemProxy section */

/* Begin PBXFileReference section */
		4804A36A1B8EB4DB00C473B9 /* 004NSURLConnection-POST-Delegate.app */ = {isa = PBXFileReference; explicitFileType = wrapper.application; includeInIndex = 0; path = "004NSURLConnection-POST-Delegate.app"; sourceTree = BUILT_PRODUCTS_DIR; };
		4804A36E1B8EB4DB00C473B9 /* Info.plist */ = {isa = PBXFileReference; lastKnownFileType = text.plist.xml; path = Info.plist; sourceTree = "<group>"; };
		4804A36F1B8EB4DB00C473B9 /* main.m */ = {isa = PBXFileReference; lastKnownFileType = sourcecode.c.objc; path = main.m; sourceTree = "<group>"; };
		4804A3711B8EB4DB00C473B9 /* AppDelegate.h */ = {isa = PBXFileReference; lastKnownFileType = sourcecode.c.h; path = AppDelegate.h; sourceTree = "<group>"; };
		4804A3721B8EB4DB00C473B9 /* AppDelegate.m */ = {isa = PBXFileReference; lastKnownFileType = sourcecode.c.objc; path = AppDelegate.m; sourceTree = "<group>"; };
		4804A3741B8EB4DB00C473B9 /* ViewController.h */ = {isa = PBXFileReference; lastKnownFileType = sourcecode.c.h; path = ViewController.h; sourceTree = "<group>"; };
		4804A3751B8EB4DB00C473B9 /* ViewController.m */ = {isa = PBXFileReference; lastKnownFileType = sourcecode.c.objc; path = ViewController.m; sourceTree = "<group>"; };
		4804A3781B8EB4DB00C473B9 /* Base */ = {isa = PBXFileReference; lastKnownFileType = file.storyboard; name = Base; path = Base.lproj/Main.storyboard; sourceTree = "<group>"; };
		4804A37A1B8EB4DB00C473B9 /* Images.xcassets */ = {isa = PBXFileReference; lastKnownFileType = folder.assetcatalog; path = Images.xcassets; sourceTree = "<group>"; };
		4804A37D1B8EB4DB00C473B9 /* Base */ = {isa = PBXFileReference; lastKnownFileType = file.xib; name = Base; path = Base.lproj/LaunchScreen.xib; sourceTree = "<group>"; };
		4804A3831B8EB4DB00C473B9 /* 004NSURLConnection-POST-DelegateTests.xctest */ = {isa = PBXFileReference; explicitFileType = wrapper.cfbundle; includeInIndex = 0; path = "004NSURLConnection-POST-DelegateTests.xctest"; sourceTree = BUILT_PRODUCTS_DIR; };
		4804A3881B8EB4DB00C473B9 /* Info.plist */ = {isa = PBXFileReference; lastKnownFileType = text.plist.xml; path = Info.plist; sourceTree = "<group>"; };
		4804A3891B8EB4DB00C473B9 /* _04NSURLConnection_POST_DelegateTests.m */ = {isa = PBXFileReference; lastKnownFileType = sourcecode.c.objc; path = _04NSURLConnection_POST_DelegateTests.m; sourceTree = "<group>"; };
		48476B291B8EE0AC007CF168 /* NSString+URLEncoding.h */ = {isa = PBXFileReference; fileEncoding = 4; lastKnownFileType = sourcecode.c.h; path = "NSString+URLEncoding.h"; sourceTree = "<group>"; };
		48476B2A1B8EE0AC007CF168 /* NSString+URLEncoding.m */ = {isa = PBXFileReference; fileEncoding = 4; lastKnownFileType = sourcecode.c.objc; path = "NSString+URLEncoding.m"; sourceTree = "<group>"; };
/* End PBXFileReference section */

/* Begin PBXFrameworksBuildPhase section */
		4804A3671B8EB4DB00C473B9 /* Frameworks */ = {
			isa = PBXFrameworksBuildPhase;
			buildActionMask = 2147483647;
			files = (
			);
			runOnlyForDeploymentPostprocessing = 0;
		};
		4804A3801B8EB4DB00C473B9 /* Frameworks */ = {
			isa = PBXFrameworksBuildPhase;
			buildActionMask = 2147483647;
			files = (
			);
			runOnlyForDeploymentPostprocessing = 0;
		};
/* End PBXFrameworksBuildPhase section */

/* Begin PBXGroup section */
		4804A3611B8EB4DB00C473B9 = {
			isa = PBXGroup;
			children = (
				4804A36C1B8EB4DB00C473B9 /* 004NSURLConnection-POST-Delegate */,
				4804A3861B8EB4DB00C473B9 /* 004NSURLConnection-POST-DelegateTests */,
				4804A36B1B8EB4DB00C473B9 /* Products */,
			);
			sourceTree = "<group>";
		};
		4804A36B1B8EB4DB00C473B9 /* Products */ = {
			isa = PBXGroup;
			children = (
				4804A36A1B8EB4DB00C473B9 /* 004NSURLConnection-POST-Delegate.app */,
				4804A3831B8EB4DB00C473B9 /* 004NSURLConnection-POST-DelegateTests.xctest */,
			);
			name = Products;
			sourceTree = "<group>";
		};
		4804A36C1B8EB4DB00C473B9 /* 004NSURLConnection-POST-Delegate */ = {
			isa = PBXGroup;
			children = (
				48476B281B8EE0AC007CF168 /* NSString+URLEncoding */,
				4804A3711B8EB4DB00C473B9 /* AppDelegate.h */,
				4804A3721B8EB4DB00C473B9 /* AppDelegate.m */,
				4804A3741B8EB4DB00C473B9 /* ViewController.h */,
				4804A3751B8EB4DB00C473B9 /* ViewController.m */,
				4804A3771B8EB4DB00C473B9 /* Main.storyboard */,
				4804A37A1B8EB4DB00C473B9 /* Images.xcassets */,
				4804A37C1B8EB4DB00C473B9 /* LaunchScreen.xib */,
				4804A36D1B8EB4DB00C473B9 /* Supporting Files */,
			);
			path = "004NSURLConnection-POST-Delegate";
			sourceTree = "<group>";
		};
		4804A36D1B8EB4DB00C473B9 /* Supporting Files */ = {
			isa = PBXGroup;
			children = (
				4804A36E1B8EB4DB00C473B9 /* Info.plist */,
				4804A36F1B8EB4DB00C473B9 /* main.m */,
			);
			name = "Supporting Files";
			sourceTree = "<group>";
		};
		4804A3861B8EB4DB00C473B9 /* 004NSURLConnection-POST-DelegateTests */ = {
			isa = PBXGroup;
			children = (
				4804A3891B8EB4DB00C473B9 /* _04NSURLConnection_POST_DelegateTests.m */,
				4804A3871B8EB4DB00C473B9 /* Supporting Files */,
			);
			path = "004NSURLConnection-POST-DelegateTests";
			sourceTree = "<group>";
		};
		4804A3871B8EB4DB00C473B9 /* Supporting Files */ = {
			isa = PBXGroup;
			children = (
				4804A3881B8EB4DB00C473B9 /* Info.plist */,
			);
			name = "Supporting Files";
			sourceTree = "<group>";
		};
		48476B281B8EE0AC007CF168 /* NSString+URLEncoding */ = {
			isa = PBXGroup;
			children = (
				48476B291B8EE0AC007CF168 /* NSString+URLEncoding.h */,
				48476B2A1B8EE0AC007CF168 /* NSString+URLEncoding.m */,
			);
			path = "NSString+URLEncoding";
			sourceTree = "<group>";
		};
/* End PBXGroup section */

/* Begin PBXNativeTarget section */
		4804A3691B8EB4DB00C473B9 /* 004NSURLConnection-POST-Delegate */ = {
			isa = PBXNativeTarget;
			buildConfigurationList = 4804A38D1B8EB4DB00C473B9 /* Build configuration list for PBXNativeTarget "004NSURLConnection-POST-Delegate" */;
			buildPhases = (
				4804A3661B8EB4DB00C473B9 /* Sources */,
				4804A3671B8EB4DB00C473B9 /* Frameworks */,
				4804A3681B8EB4DB00C473B9 /* Resources */,
			);
			buildRules = (
			);
			dependencies = (
			);
			name = "004NSURLConnection-POST-Delegate";
			productName = "004NSURLConnection-POST-Delegate";
			productReference = 4804A36A1B8EB4DB00C473B9 /* 004NSURLConnection-POST-Delegate.app */;
			productType = "com.apple.product-type.application";
		};
		4804A3821B8EB4DB00C473B9 /* 004NSURLConnection-POST-DelegateTests */ = {
			isa = PBXNativeTarget;
			buildConfigurationList = 4804A3901B8EB4DB00C473B9 /* Build configuration list for PBXNativeTarget "004NSURLConnection-POST-DelegateTests" */;
			buildPhases = (
				4804A37F1B8EB4DB00C473B9 /* Sources */,
				4804A3801B8EB4DB00C473B9 /* Frameworks */,
				4804A3811B8EB4DB00C473B9 /* Resources */,
			);
			buildRules = (
			);
			dependencies = (
				4804A3851B8EB4DB00C473B9 /* PBXTargetDependency */,
			);
			name = "004NSURLConnection-POST-DelegateTests";
			productName = "004NSURLConnection-POST-DelegateTests";
			productReference = 4804A3831B8EB4DB00C473B9 /* 004NSURLConnection-POST-DelegateTests.xctest */;
			productType = "com.apple.product-type.bundle.unit-test";
		};
/* End PBXNativeTarget section */

/* Begin PBXProject section */
		4804A3621B8EB4DB00C473B9 /* Project object */ = {
			isa = PBXProject;
			attributes = {
				LastUpgradeCheck = 0630;
				ORGANIZATIONNAME = "黎跃春";
				TargetAttributes = {
					4804A3691B8EB4DB00C473B9 = {
						CreatedOnToolsVersion = 6.3.1;
					};
					4804A3821B8EB4DB00C473B9 = {
						CreatedOnToolsVersion = 6.3.1;
						TestTargetID = 4804A3691B8EB4DB00C473B9;
					};
				};
			};
			buildConfigurationList = 4804A3651B8EB4DB00C473B9 /* Build configuration list for PBXProject "004NSURLConnection-POST-Delegate" */;
			compatibilityVersion = "Xcode 3.2";
			developmentRegion = English;
			hasScannedForEncodings = 0;
			knownRegions = (
				en,
				Base,
			);
			mainGroup = 4804A3611B8EB4DB00C473B9;
			productRefGroup = 4804A36B1B8EB4DB00C473B9 /* Products */;
			projectDirPath = "";
			projectRoot = "";
			targets = (
				4804A3691B8EB4DB00C473B9 /* 004NSURLConnection-POST-Delegate */,
				4804A3821B8EB4DB00C473B9 /* 004NSURLConnection-POST-DelegateTests */,
			);
		};
/* End PBXProject section */

/* Begin PBXResourcesBuildPhase section */
		4804A3681B8EB4DB00C473B9 /* Resources */ = {
			isa = PBXResourcesBuildPhase;
			buildActionMask = 2147483647;
			files = (
				4804A3791B8EB4DB00C473B9 /* Main.storyboard in Resources */,
				4804A37E1B8EB4DB00C473B9 /* LaunchScreen.xib in Resources */,
				4804A37B1B8EB4DB00C473B9 /* Images.xcassets in Resources */,
			);
			runOnlyForDeploymentPostprocessing = 0;
		};
		4804A3811B8EB4DB00C473B9 /* Resources */ = {
			isa = PBXResourcesBuildPhase;
			buildActionMask = 2147483647;
			files = (
			);
			runOnlyForDeploymentPostprocessing = 0;
		};
/* End PBXResourcesBuildPhase section */

/* Begin PBXSourcesBuildPhase section */
		4804A3661B8EB4DB00C473B9 /* Sources */ = {
			isa = PBXSourcesBuildPhase;
			buildActionMask = 2147483647;
			files = (
				4804A3761B8EB4DB00C473B9 /* ViewController.m in Sources */,
				4804A3731B8EB4DB00C473B9 /* AppDelegate.m in Sources */,
				48476B2B1B8EE0AC007CF168 /* NSString+URLEncoding.m in Sources */,
				4804A3701B8EB4DB00C473B9 /* main.m in Sources */,
			);
			runOnlyForDeploymentPostprocessing = 0;
		};
		4804A37F1B8EB4DB00C473B9 /* Sources */ = {
			isa = PBXSourcesBuildPhase;
			buildActionMask = 2147483647;
			files = (
				4804A38A1B8EB4DB00C473B9 /* _04NSURLConnection_POST_DelegateTests.m in Sources */,
			);
			runOnlyForDeploymentPostprocessing = 0;
		};
/* End PBXSourcesBuildPhase section */

/* Begin PBXTargetDependency section */
		4804A3851B8EB4DB00C473B9 /* PBXTargetDependency */ = {
			isa = PBXTargetDependency;
			target = 4804A3691B8EB4DB00C473B9 /* 004NSURLConnection-POST-Delegate */;
			targetProxy = 4804A3841B8EB4DB00C473B9 /* PBXContainerItemProxy */;
		};
/* End PBXTargetDependency section */

/* Begin PBXVariantGroup section */
		4804A3771B8EB4DB00C473B9 /* Main.storyboard */ = {
			isa = PBXVariantGroup;
			children = (
				4804A3781B8EB4DB00C473B9 /* Base */,
			);
			name = Main.storyboard;
			sourceTree = "<group>";
		};
		4804A37C1B8EB4DB00C473B9 /* LaunchScreen.xib */ = {
			isa = PBXVariantGroup;
			children = (
				4804A37D1B8EB4DB00C473B9 /* Base */,
			);
			name = LaunchScreen.xib;
			sourceTree = "<group>";
		};
/* End PBXVariantGroup section */

/* Begin XCBuildConfiguration section */
		4804A38B1B8EB4DB00C473B9 /* Debug */ = {
			isa = XCBuildConfiguration;
			buildSettings = {
				ALWAYS_SEARCH_USER_PATHS = NO;
				CLANG_CXX_LANGUAGE_STANDARD = "gnu++0x";
				CLANG_CXX_LIBRARY = "libc++";
				CLANG_ENABLE_MODULES = YES;
				CLANG_ENABLE_OBJC_ARC = YES;
				CLANG_WARN_BOOL_CONVERSION = YES;
				CLANG_WARN_CONSTANT_CONVERSION = YES;
				CLANG_WARN_DIRECT_OBJC_ISA_USAGE = YES_ERROR;
				CLANG_WARN_EMPTY_BODY = YES;
				CLANG_WARN_ENUM_CONVERSION = YES;
				CLANG_WARN_INT_CONVERSION = YES;
				CLANG_WARN_OBJC_ROOT_CLASS = YES_ERROR;
				CLANG_WARN_UNREACHABLE_CODE = YES;
				CLANG_WARN__DUPLICATE_METHOD_MATCH = YES;
				"CODE_SIGN_IDENTITY[sdk=iphoneos*]" = "iPhone Developer";
				COPY_PHASE_STRIP = NO;
				DEBUG_INFORMATION_FORMAT = "dwarf-with-dsym";
				ENABLE_STRICT_OBJC_MSGSEND = YES;
				GCC_C_LANGUAGE_STANDARD = gnu99;
				GCC_DYNAMIC_NO_PIC = NO;
				GCC_NO_COMMON_BLOCKS = YES;
				GCC_OPTIMIZATION_LEVEL = 0;
				GCC_PREPROCESSOR_DEFINITIONS = (
					"DEBUG=1",
					"$(inherited)",
				);
				GCC_SYMBOLS_PRIVATE_EXTERN = NO;
				GCC_WARN_64_TO_32_BIT_CONVERSION = YES;
				GCC_WARN_ABOUT_RETURN_TYPE = YES_ERROR;
				GCC_WARN_UNDECLARED_SELECTOR = YES;
				GCC_WARN_UNINITIALIZED_AUTOS = YES_AGGRESSIVE;
				GCC_WARN_UNUSED_FUNCTION = YES;
				GCC_WARN_UNUSED_VARIABLE = YES;
				IPHONEOS_DEPLOYMENT_TARGET = 8.3;
				MTL_ENABLE_DEBUG_INFO = YES;
				ONLY_ACTIVE_ARCH = YES;
				SDKROOT = iphoneos;
			};
			name = Debug;
		};
		4804A38C1B8EB4DB00C473B9 /* Release */ = {
			isa = XCBuildConfiguration;
			buildSettings = {
				ALWAYS_SEARCH_USER_PATHS = NO;
				CLANG_CXX_LANGUAGE_STANDARD = "gnu++0x";
				CLANG_CXX_LIBRARY = "libc++";
				CLANG_ENABLE_MODULES = YES;
				CLANG_ENABLE_OBJC_ARC = YES;
				CLANG_WARN_BOOL_CONVERSION = YES;
				CLANG_WARN_CONSTANT_CONVERSION = YES;
				CLANG_WARN_DIRECT_OBJC_ISA_USAGE = YES_ERROR;
				CLANG_WARN_EMPTY_BODY = YES;
				CLANG_WARN_ENUM_CONVERSION = YES;
				CLANG_WARN_INT_CONVERSION = YES;
				CLANG_WARN_OBJC_ROOT_CLASS = YES_ERROR;
				CLANG_WARN_UNREACHABLE_CODE = YES;
				CLANG_WARN__DUPLICATE_METHOD_MATCH = YES;
				"CODE_SIGN_IDENTITY[sdk=iphoneos*]" = "iPhone Developer";
				COPY_PHASE_STRIP = NO;
				DEBUG_INFORMATION_FORMAT = "dwarf-with-dsym";
				ENABLE_NS_ASSERTIONS = NO;
				ENABLE_STRICT_OBJC_MSGSEND = YES;
				GCC_C_LANGUAGE_STANDARD = gnu99;
				GCC_NO_COMMON_BLOCKS = YES;
				GCC_WARN_64_TO_32_BIT_CONVERSION = YES;
				GCC_WARN_ABOUT_RETURN_TYPE = YES_ERROR;
				GCC_WARN_UNDECLARED_SELECTOR = YES;
				GCC_WARN_UNINITIALIZED_AUTOS = YES_AGGRESSIVE;
				GCC_WARN_UNUSED_FUNCTION = YES;
				GCC_WARN_UNUSED_VARIABLE = YES;
				IPHONEOS_DEPLOYMENT_TARGET = 8.3;
				MTL_ENABLE_DEBUG_INFO = NO;
				SDKROOT = iphoneos;
				VALIDATE_PRODUCT = YES;
			};
			name = Release;
		};
		4804A38E1B8EB4DB00C473B9 /* Debug */ = {
			isa = XCBuildConfiguration;
			buildSettings = {
				ASSETCATALOG_COMPILER_APPICON_NAME = AppIcon;
				INFOPLIST_FILE = "004NSURLConnection-POST-Delegate/Info.plist";
				LD_RUNPATH_SEARCH_PATHS = "$(inherited) @executable_path/Frameworks";
				PRODUCT_NAME = "$(TARGET_NAME)";
			};
			name = Debug;
		};
		4804A38F1B8EB4DB00C473B9 /* Release */ = {
			isa = XCBuildConfiguration;
			buildSettings = {
				ASSETCATALOG_COMPILER_APPICON_NAME = AppIcon;
				INFOPLIST_FILE = "004NSURLConnection-POST-Delegate/Info.plist";
				LD_RUNPATH_SEARCH_PATHS = "$(inherited) @executable_path/Frameworks";
				PRODUCT_NAME = "$(TARGET_NAME)";
			};
			name = Release;
		};
		4804A3911B8EB4DB00C473B9 /* Debug */ = {
			isa = XCBuildConfiguration;
			buildSettings = {
				BUNDLE_LOADER = "$(TEST_HOST)";
				FRAMEWORK_SEARCH_PATHS = (
					"$(SDKROOT)/Developer/Library/Frameworks",
					"$(inherited)",
				);
				GCC_PREPROCESSOR_DEFINITIONS = (
					"DEBUG=1",
					"$(inherited)",
				);
				INFOPLIST_FILE = "004NSURLConnection-POST-DelegateTests/Info.plist";
				LD_RUNPATH_SEARCH_PATHS = "$(inherited) @executable_path/Frameworks @loader_path/Frameworks";
				PRODUCT_NAME = "$(TARGET_NAME)";
				TEST_HOST = "$(BUILT_PRODUCTS_DIR)/004NSURLConnection-POST-Delegate.app/004NSURLConnection-POST-Delegate";
			};
			name = Debug;
		};
		4804A3921B8EB4DB00C473B9 /* Release */ = {
			isa = XCBuildConfiguration;
			buildSettings = {
				BUNDLE_LOADER = "$(TEST_HOST)";
				FRAMEWORK_SEARCH_PATHS = (
					"$(SDKROOT)/Developer/Library/Frameworks",
					"$(inherited)",
				);
				INFOPLIST_FILE = "004NSURLConnection-POST-DelegateTests/Info.plist";
				LD_RUNPATH_SEARCH_PATHS = "$(inherited) @executable_path/Frameworks @loader_path/Frameworks";
				PRODUCT_NAME = "$(TARGET_NAME)";
				TEST_HOST = "$(BUILT_PRODUCTS_DIR)/004NSURLConnection-POST-Delegate.app/004NSURLConnection-POST-Delegate";
			};
			name = Release;
		};
/* End XCBuildConfiguration section */

/* Begin XCConfigurationList section */
		4804A3651B8EB4DB00C473B9 /* Build configuration list for PBXProject "004NSURLConnection-POST-Delegate" */ = {
			isa = XCConfigurationList;
			buildConfigurations = (
				4804A38B1B8EB4DB00C473B9 /* Debug */,
				4804A38C1B8EB4DB00C473B9 /* Release */,
			);
			defaultConfigurationIsVisible = 0;
			defaultConfigurationName = Release;
		};
		4804A38D1B8EB4DB00C473B9 /* Build configuration list for PBXNativeTarget "004NSURLConnection-POST-Delegate" */ = {
			isa = XCConfigurationList;
			buildConfigurations = (
				4804A38E1B8EB4DB00C473B9 /* Debug */,
				4804A38F1B8EB4DB00C473B9 /* Release */,
			);
			defaultConfigurationIsVisible = 0;
			defaultConfigurationName = Release;
		};
		4804A3901B8EB4DB00C473B9 /* Build configuration list for PBXNativeTarget "004NSURLConnection-POST-DelegateTests" */ = {
			isa = XCConfigurationList;
			buildConfigurations = (
				4804A3911B8EB4DB00C473B9 /* Debug */,
				4804A3921B8EB4DB00C473B9 /* Release */,
			);
			defaultConfigurationIsVisible = 0;
			defaultConfigurationName = Release;
		};
/* End XCConfigurationList section */
	};
	rootObject = 4804A3621B8EB4DB00C473B9 /* Project object */;
}
