// !$*UTF8*$!
{
	archiveVersion = 1;
	classes = {
	};
	objectVersion = 46;
	objects = {

/* Begin PBXBuildFile section */
		4804A3D41B8EB54400C473B9 /* main.m in Sources */ = {isa = PBXBuildFile; fileRef = 4804A3D31B8EB54400C473B9 /* main.m */; };
		4804A3D71B8EB54400C473B9 /* AppDelegate.m in Sources */ = {isa = PBXBuildFile; fileRef = 4804A3D61B8EB54400C473B9 /* AppDelegate.m */; };
		4804A3DA1B8EB54400C473B9 /* ViewController.m in Sources */ = {isa = PBXBuildFile; fileRef = 4804A3D91B8EB54400C473B9 /* ViewController.m */; };
		4804A3DD1B8EB54400C473B9 /* Main.storyboard in Resources */ = {isa = PBXBuildFile; fileRef = 4804A3DB1B8EB54400C473B9 /* Main.storyboard */; };
		4804A3DF1B8EB54400C473B9 /* Images.xcassets in Resources */ = {isa = PBXBuildFile; fileRef = 4804A3DE1B8EB54400C473B9 /* Images.xcassets */; };
		4804A3E21B8EB54400C473B9 /* LaunchScreen.xib in Resources */ = {isa = PBXBuildFile; fileRef = 4804A3E01B8EB54400C473B9 /* LaunchScreen.xib */; };
		4804A3EE1B8EB54400C473B9 /* _06ASI_POSTTests.m in Sources */ = {isa = PBXBuildFile; fileRef = 4804A3ED1B8EB54400C473B9 /* _06ASI_POSTTests.m */; };
		4814F8961B8EE7780035AF23 /* SystemConfiguration.framework in Frameworks */ = {isa = PBXBuildFile; fileRef = 4814F8951B8EE7780035AF23 /* SystemConfiguration.framework */; };
		4814F8981B8EE77E0035AF23 /* MobileCoreServices.framework in Frameworks */ = {isa = PBXBuildFile; fileRef = 4814F8971B8EE77E0035AF23 /* MobileCoreServices.framework */; };
		4814F89A1B8EE7830035AF23 /* CFNetwork.framework in Frameworks */ = {isa = PBXBuildFile; fileRef = 4814F8991B8EE7830035AF23 /* CFNetwork.framework */; };
		4814F89C1B8EE78B0035AF23 /* CoreGraphics.framework in Frameworks */ = {isa = PBXBuildFile; fileRef = 4814F89B1B8EE78B0035AF23 /* CoreGraphics.framework */; };
		4814F89E1B8EE7900035AF23 /* libz.dylib in Frameworks */ = {isa = PBXBuildFile; fileRef = 4814F89D1B8EE7900035AF23 /* libz.dylib */; };
		4814F8A01B8EE7970035AF23 /* libxml2.dylib in Frameworks */ = {isa = PBXBuildFile; fileRef = 4814F89F1B8EE7970035AF23 /* libxml2.dylib */; };
		48476B6C1B8EE705007CF168 /* ASIAuthenticationDialog.m in Sources */ = {isa = PBXBuildFile; fileRef = 48476B321B8EE705007CF168 /* ASIAuthenticationDialog.m */; settings = {COMPILER_FLAGS = "-fno-objc-arc"; }; };
		48476B6D1B8EE705007CF168 /* ASIDataCompressor.m in Sources */ = {isa = PBXBuildFile; fileRef = 48476B351B8EE705007CF168 /* ASIDataCompressor.m */; settings = {COMPILER_FLAGS = "-fno-objc-arc"; }; };
		48476B6E1B8EE705007CF168 /* ASIDataDecompressor.m in Sources */ = {isa = PBXBuildFile; fileRef = 48476B371B8EE705007CF168 /* ASIDataDecompressor.m */; settings = {COMPILER_FLAGS = "-fno-objc-arc"; }; };
		48476B6F1B8EE705007CF168 /* ASIDownloadCache.m in Sources */ = {isa = PBXBuildFile; fileRef = 48476B391B8EE705007CF168 /* ASIDownloadCache.m */; settings = {COMPILER_FLAGS = "-fno-objc-arc"; }; };
		48476B701B8EE705007CF168 /* ASIFormDataRequest.m in Sources */ = {isa = PBXBuildFile; fileRef = 48476B3B1B8EE705007CF168 /* ASIFormDataRequest.m */; settings = {COMPILER_FLAGS = "-fno-objc-arc"; }; };
		48476B711B8EE705007CF168 /* ASIHTTPRequest.m in Sources */ = {isa = PBXBuildFile; fileRef = 48476B3D1B8EE705007CF168 /* ASIHTTPRequest.m */; settings = {COMPILER_FLAGS = "-fno-objc-arc"; }; };
		48476B721B8EE705007CF168 /* ASIInputStream.m in Sources */ = {isa = PBXBuildFile; fileRef = 48476B411B8EE705007CF168 /* ASIInputStream.m */; settings = {COMPILER_FLAGS = "-fno-objc-arc"; }; };
		48476B731B8EE705007CF168 /* ASINetworkQueue.m in Sources */ = {isa = PBXBuildFile; fileRef = 48476B431B8EE705007CF168 /* ASINetworkQueue.m */; settings = {COMPILER_FLAGS = "-fno-objc-arc"; }; };
		48476B741B8EE705007CF168 /* ASIWebPageRequest.m in Sources */ = {isa = PBXBuildFile; fileRef = 48476B471B8EE705007CF168 /* ASIWebPageRequest.m */; settings = {COMPILER_FLAGS = "-fno-objc-arc"; }; };
		48476B751B8EE705007CF168 /* ASICloudFilesCDNRequest.m in Sources */ = {isa = PBXBuildFile; fileRef = 48476B4A1B8EE705007CF168 /* ASICloudFilesCDNRequest.m */; settings = {COMPILER_FLAGS = "-fno-objc-arc"; }; };
		48476B761B8EE705007CF168 /* ASICloudFilesContainer.m in Sources */ = {isa = PBXBuildFile; fileRef = 48476B4C1B8EE705007CF168 /* ASICloudFilesContainer.m */; settings = {COMPILER_FLAGS = "-fno-objc-arc"; }; };
		48476B771B8EE705007CF168 /* ASICloudFilesContainerRequest.m in Sources */ = {isa = PBXBuildFile; fileRef = 48476B4E1B8EE705007CF168 /* ASICloudFilesContainerRequest.m */; settings = {COMPILER_FLAGS = "-fno-objc-arc"; }; };
		48476B781B8EE705007CF168 /* ASICloudFilesContainerXMLParserDelegate.m in Sources */ = {isa = PBXBuildFile; fileRef = 48476B501B8EE705007CF168 /* ASICloudFilesContainerXMLParserDelegate.m */; settings = {COMPILER_FLAGS = "-fno-objc-arc"; }; };
		48476B791B8EE705007CF168 /* ASICloudFilesObject.m in Sources */ = {isa = PBXBuildFile; fileRef = 48476B521B8EE705007CF168 /* ASICloudFilesObject.m */; settings = {COMPILER_FLAGS = "-fno-objc-arc"; }; };
		48476B7A1B8EE705007CF168 /* ASICloudFilesObjectRequest.m in Sources */ = {isa = PBXBuildFile; fileRef = 48476B541B8EE705007CF168 /* ASICloudFilesObjectRequest.m */; settings = {COMPILER_FLAGS = "-fno-objc-arc"; }; };
		48476B7B1B8EE705007CF168 /* ASICloudFilesRequest.m in Sources */ = {isa = PBXBuildFile; fileRef = 48476B561B8EE705007CF168 /* ASICloudFilesRequest.m */; settings = {COMPILER_FLAGS = "-fno-objc-arc"; }; };
		48476B7C1B8EE705007CF168 /* Reachability.m in Sources */ = {isa = PBXBuildFile; fileRef = 48476B591B8EE705007CF168 /* Reachability.m */; settings = {COMPILER_FLAGS = "-fno-objc-arc"; }; };
		48476B7D1B8EE705007CF168 /* ASIS3Bucket.m in Sources */ = {isa = PBXBuildFile; fileRef = 48476B5D1B8EE705007CF168 /* ASIS3Bucket.m */; settings = {COMPILER_FLAGS = "-fno-objc-arc"; }; };
		48476B7E1B8EE705007CF168 /* ASIS3BucketObject.m in Sources */ = {isa = PBXBuildFile; fileRef = 48476B5F1B8EE705007CF168 /* ASIS3BucketObject.m */; settings = {COMPILER_FLAGS = "-fno-objc-arc"; }; };
		48476B7F1B8EE705007CF168 /* ASIS3BucketRequest.m in Sources */ = {isa = PBXBuildFile; fileRef = 48476B611B8EE705007CF168 /* ASIS3BucketRequest.m */; settings = {COMPILER_FLAGS = "-fno-objc-arc"; }; };
		48476B801B8EE705007CF168 /* ASIS3ObjectRequest.m in Sources */ = {isa = PBXBuildFile; fileRef = 48476B631B8EE705007CF168 /* ASIS3ObjectRequest.m */; settings = {COMPILER_FLAGS = "-fno-objc-arc"; }; };
		48476B811B8EE705007CF168 /* ASIS3Request.m in Sources */ = {isa = PBXBuildFile; fileRef = 48476B651B8EE705007CF168 /* ASIS3Request.m */; settings = {COMPILER_FLAGS = "-fno-objc-arc"; }; };
		48476B821B8EE705007CF168 /* ASIS3ServiceRequest.m in Sources */ = {isa = PBXBuildFile; fileRef = 48476B671B8EE705007CF168 /* ASIS3ServiceRequest.m */; settings = {COMPILER_FLAGS = "-fno-objc-arc"; }; };
		48476B831B8EE705007CF168 /* NSString+URLEncoding.m in Sources */ = {isa = PBXBuildFile; fileRef = 48476B6B1B8EE705007CF168 /* NSString+URLEncoding.m */; };
/* End PBXBuildFile section */

/* Begin PBXContainerItemProxy section */
		4804A3E81B8EB54400C473B9 /* PBXContainerItemProxy */ = {
			isa = PBXContainerItemProxy;
			containerPortal = 4804A3C61B8EB54400C473B9 /* Project object */;
			proxyType = 1;
			remoteGlobalIDString = 4804A3CD1B8EB54400C473B9;
			remoteInfo = "006ASI-POST";
		};
/* End PBXContainerItemProxy section */

/* Begin PBXFileReference section */
		4804A3CE1B8EB54400C473B9 /* 006ASI-POST.app */ = {isa = PBXFileReference; explicitFileType = wrapper.application; includeInIndex = 0; path = "006ASI-POST.app"; sourceTree = BUILT_PRODUCTS_DIR; };
		4804A3D21B8EB54400C473B9 /* Info.plist */ = {isa = PBXFileReference; lastKnownFileType = text.plist.xml; path = Info.plist; sourceTree = "<group>"; };
		4804A3D31B8EB54400C473B9 /* main.m */ = {isa = PBXFileReference; lastKnownFileType = sourcecode.c.objc; path = main.m; sourceTree = "<group>"; };
		4804A3D51B8EB54400C473B9 /* AppDelegate.h */ = {isa = PBXFileReference; lastKnownFileType = sourcecode.c.h; path = AppDelegate.h; sourceTree = "<group>"; };
		4804A3D61B8EB54400C473B9 /* AppDelegate.m */ = {isa = PBXFileReference; lastKnownFileType = sourcecode.c.objc; path = AppDelegate.m; sourceTree = "<group>"; };
		4804A3D81B8EB54400C473B9 /* ViewController.h */ = {isa = PBXFileReference; lastKnownFileType = sourcecode.c.h; path = ViewController.h; sourceTree = "<group>"; };
		4804A3D91B8EB54400C473B9 /* ViewController.m */ = {isa = PBXFileReference; lastKnownFileType = sourcecode.c.objc; path = ViewController.m; sourceTree = "<group>"; };
		4804A3DC1B8EB54400C473B9 /* Base */ = {isa = PBXFileReference; lastKnownFileType = file.storyboard; name = Base; path = Base.lproj/Main.storyboard; sourceTree = "<group>"; };
		4804A3DE1B8EB54400C473B9 /* Images.xcassets */ = {isa = PBXFileReference; lastKnownFileType = folder.assetcatalog; path = Images.xcassets; sourceTree = "<group>"; };
		4804A3E11B8EB54400C473B9 /* Base */ = {isa = PBXFileReference; lastKnownFileType = file.xib; name = Base; path = Base.lproj/LaunchScreen.xib; sourceTree = "<group>"; };
		4804A3E71B8EB54400C473B9 /* 006ASI-POSTTests.xctest */ = {isa = PBXFileReference; explicitFileType = wrapper.cfbundle; includeInIndex = 0; path = "006ASI-POSTTests.xctest"; sourceTree = BUILT_PRODUCTS_DIR; };
		4804A3EC1B8EB54400C473B9 /* Info.plist */ = {isa = PBXFileReference; lastKnownFileType = text.plist.xml; path = Info.plist; sourceTree = "<group>"; };
		4804A3ED1B8EB54400C473B9 /* _06ASI_POSTTests.m */ = {isa = PBXFileReference; lastKnownFileType = sourcecode.c.objc; path = _06ASI_POSTTests.m; sourceTree = "<group>"; };
		4814F8951B8EE7780035AF23 /* SystemConfiguration.framework */ = {isa = PBXFileReference; lastKnownFileType = wrapper.framework; name = SystemConfiguration.framework; path = System/Library/Frameworks/SystemConfiguration.framework; sourceTree = SDKROOT; };
		4814F8971B8EE77E0035AF23 /* MobileCoreServices.framework */ = {isa = PBXFileReference; lastKnownFileType = wrapper.framework; name = MobileCoreServices.framework; path = System/Library/Frameworks/MobileCoreServices.framework; sourceTree = SDKROOT; };
		4814F8991B8EE7830035AF23 /* CFNetwork.framework */ = {isa = PBXFileReference; lastKnownFileType = wrapper.framework; name = CFNetwork.framework; path = System/Library/Frameworks/CFNetwork.framework; sourceTree = SDKROOT; };
		4814F89B1B8EE78B0035AF23 /* CoreGraphics.framework */ = {isa = PBXFileReference; lastKnownFileType = wrapper.framework; name = CoreGraphics.framework; path = System/Library/Frameworks/CoreGraphics.framework; sourceTree = SDKROOT; };
		4814F89D1B8EE7900035AF23 /* libz.dylib */ = {isa = PBXFileReference; lastKnownFileType = "compiled.mach-o.dylib"; name = libz.dylib; path = usr/lib/libz.dylib; sourceTree = SDKROOT; };
		4814F89F1B8EE7970035AF23 /* libxml2.dylib */ = {isa = PBXFileReference; lastKnownFileType = "compiled.mach-o.dylib"; name = libxml2.dylib; path = usr/lib/libxml2.dylib; sourceTree = SDKROOT; };
		48476B311B8EE705007CF168 /* ASIAuthenticationDialog.h */ = {isa = PBXFileReference; fileEncoding = 4; lastKnownFileType = sourcecode.c.h; path = ASIAuthenticationDialog.h; sourceTree = "<group>"; };
		48476B321B8EE705007CF168 /* ASIAuthenticationDialog.m */ = {isa = PBXFileReference; fileEncoding = 4; lastKnownFileType = sourcecode.c.objc; path = ASIAuthenticationDialog.m; sourceTree = "<group>"; };
		48476B331B8EE705007CF168 /* ASICacheDelegate.h */ = {isa = PBXFileReference; fileEncoding = 4; lastKnownFileType = sourcecode.c.h; path = ASICacheDelegate.h; sourceTree = "<group>"; };
		48476B341B8EE705007CF168 /* ASIDataCompressor.h */ = {isa = PBXFileReference; fileEncoding = 4; lastKnownFileType = sourcecode.c.h; path = ASIDataCompressor.h; sourceTree = "<group>"; };
		48476B351B8EE705007CF168 /* ASIDataCompressor.m */ = {isa = PBXFileReference; fileEncoding = 4; lastKnownFileType = sourcecode.c.objc; path = ASIDataCompressor.m; sourceTree = "<group>"; };
		48476B361B8EE705007CF168 /* ASIDataDecompressor.h */ = {isa = PBXFileReference; fileEncoding = 4; lastKnownFileType = sourcecode.c.h; path = ASIDataDecompressor.h; sourceTree = "<group>"; };
		48476B371B8EE705007CF168 /* ASIDataDecompressor.m */ = {isa = PBXFileReference; fileEncoding = 4; lastKnownFileType = sourcecode.c.objc; path = ASIDataDecompressor.m; sourceTree = "<group>"; };
		48476B381B8EE705007CF168 /* ASIDownloadCache.h */ = {isa = PBXFileReference; fileEncoding = 4; lastKnownFileType = sourcecode.c.h; path = ASIDownloadCache.h; sourceTree = "<group>"; };
		48476B391B8EE705007CF168 /* ASIDownloadCache.m */ = {isa = PBXFileReference; fileEncoding = 4; lastKnownFileType = sourcecode.c.objc; path = ASIDownloadCache.m; sourceTree = "<group>"; };
		48476B3A1B8EE705007CF168 /* ASIFormDataRequest.h */ = {isa = PBXFileReference; fileEncoding = 4; lastKnownFileType = sourcecode.c.h; path = ASIFormDataRequest.h; sourceTree = "<group>"; };
		48476B3B1B8EE705007CF168 /* ASIFormDataRequest.m */ = {isa = PBXFileReference; fileEncoding = 4; lastKnownFileType = sourcecode.c.objc; path = ASIFormDataRequest.m; sourceTree = "<group>"; };
		48476B3C1B8EE705007CF168 /* ASIHTTPRequest.h */ = {isa = PBXFileReference; fileEncoding = 4; lastKnownFileType = sourcecode.c.h; path = ASIHTTPRequest.h; sourceTree = "<group>"; };
		48476B3D1B8EE705007CF168 /* ASIHTTPRequest.m */ = {isa = PBXFileReference; fileEncoding = 4; lastKnownFileType = sourcecode.c.objc; path = ASIHTTPRequest.m; sourceTree = "<group>"; };
		48476B3E1B8EE705007CF168 /* ASIHTTPRequestConfig.h */ = {isa = PBXFileReference; fileEncoding = 4; lastKnownFileType = sourcecode.c.h; path = ASIHTTPRequestConfig.h; sourceTree = "<group>"; };
		48476B3F1B8EE705007CF168 /* ASIHTTPRequestDelegate.h */ = {isa = PBXFileReference; fileEncoding = 4; lastKnownFileType = sourcecode.c.h; path = ASIHTTPRequestDelegate.h; sourceTree = "<group>"; };
		48476B401B8EE705007CF168 /* ASIInputStream.h */ = {isa = PBXFileReference; fileEncoding = 4; lastKnownFileType = sourcecode.c.h; path = ASIInputStream.h; sourceTree = "<group>"; };
		48476B411B8EE705007CF168 /* ASIInputStream.m */ = {isa = PBXFileReference; fileEncoding = 4; lastKnownFileType = sourcecode.c.objc; path = ASIInputStream.m; sourceTree = "<group>"; };
		48476B421B8EE705007CF168 /* ASINetworkQueue.h */ = {isa = PBXFileReference; fileEncoding = 4; lastKnownFileType = sourcecode.c.h; path = ASINetworkQueue.h; sourceTree = "<group>"; };
		48476B431B8EE705007CF168 /* ASINetworkQueue.m */ = {isa = PBXFileReference; fileEncoding = 4; lastKnownFileType = sourcecode.c.objc; path = ASINetworkQueue.m; sourceTree = "<group>"; };
		48476B441B8EE705007CF168 /* ASIProgressDelegate.h */ = {isa = PBXFileReference; fileEncoding = 4; lastKnownFileType = sourcecode.c.h; path = ASIProgressDelegate.h; sourceTree = "<group>"; };
		48476B461B8EE705007CF168 /* ASIWebPageRequest.h */ = {isa = PBXFileReference; fileEncoding = 4; lastKnownFileType = sourcecode.c.h; path = ASIWebPageRequest.h; sourceTree = "<group>"; };
		48476B471B8EE705007CF168 /* ASIWebPageRequest.m */ = {isa = PBXFileReference; fileEncoding = 4; lastKnownFileType = sourcecode.c.objc; path = ASIWebPageRequest.m; sourceTree = "<group>"; };
		48476B491B8EE705007CF168 /* ASICloudFilesCDNRequest.h */ = {isa = PBXFileReference; fileEncoding = 4; lastKnownFileType = sourcecode.c.h; path = ASICloudFilesCDNRequest.h; sourceTree = "<group>"; };
		48476B4A1B8EE705007CF168 /* ASICloudFilesCDNRequest.m */ = {isa = PBXFileReference; fileEncoding = 4; lastKnownFileType = sourcecode.c.objc; path = ASICloudFilesCDNRequest.m; sourceTree = "<group>"; };
		48476B4B1B8EE705007CF168 /* ASICloudFilesContainer.h */ = {isa = PBXFileReference; fileEncoding = 4; lastKnownFileType = sourcecode.c.h; path = ASICloudFilesContainer.h; sourceTree = "<group>"; };
		48476B4C1B8EE705007CF168 /* ASICloudFilesContainer.m */ = {isa = PBXFileReference; fileEncoding = 4; lastKnownFileType = sourcecode.c.objc; path = ASICloudFilesContainer.m; sourceTree = "<group>"; };
		48476B4D1B8EE705007CF168 /* ASICloudFilesContainerRequest.h */ = {isa = PBXFileReference; fileEncoding = 4; lastKnownFileType = sourcecode.c.h; path = ASICloudFilesContainerRequest.h; sourceTree = "<group>"; };
		48476B4E1B8EE705007CF168 /* ASICloudFilesContainerRequest.m */ = {isa = PBXFileReference; fileEncoding = 4; lastKnownFileType = sourcecode.c.objc; path = ASICloudFilesContainerRequest.m; sourceTree = "<group>"; };
		48476B4F1B8EE705007CF168 /* ASICloudFilesContainerXMLParserDelegate.h */ = {isa = PBXFileReference; fileEncoding = 4; lastKnownFileType = sourcecode.c.h; path = ASICloudFilesContainerXMLParserDelegate.h; sourceTree = "<group>"; };
		48476B501B8EE705007CF168 /* ASICloudFilesContainerXMLParserDelegate.m */ = {isa = PBXFileReference; fileEncoding = 4; lastKnownFileType = sourcecode.c.objc; path = ASICloudFilesContainerXMLParserDelegate.m; sourceTree = "<group>"; };
		48476B511B8EE705007CF168 /* ASICloudFilesObject.h */ = {isa = PBXFileReference; fileEncoding = 4; lastKnownFileType = sourcecode.c.h; path = ASICloudFilesObject.h; sourceTree = "<group>"; };
		48476B521B8EE705007CF168 /* ASICloudFilesObject.m */ = {isa = PBXFileReference; fileEncoding = 4; lastKnownFileType = sourcecode.c.objc; path = ASICloudFilesObject.m; sourceTree = "<group>"; };
		48476B531B8EE705007CF168 /* ASICloudFilesObjectRequest.h */ = {isa = PBXFileReference; fileEncoding = 4; lastKnownFileType = sourcecode.c.h; path = ASICloudFilesObjectRequest.h; sourceTree = "<group>"; };
		48476B541B8EE705007CF168 /* ASICloudFilesObjectRequest.m */ = {isa = PBXFileReference; fileEncoding = 4; lastKnownFileType = sourcecode.c.objc; path = ASICloudFilesObjectRequest.m; sourceTree = "<group>"; };
		48476B551B8EE705007CF168 /* ASICloudFilesRequest.h */ = {isa = PBXFileReference; fileEncoding = 4; lastKnownFileType = sourcecode.c.h; path = ASICloudFilesRequest.h; sourceTree = "<group>"; };
		48476B561B8EE705007CF168 /* ASICloudFilesRequest.m */ = {isa = PBXFileReference; fileEncoding = 4; lastKnownFileType = sourcecode.c.objc; path = ASICloudFilesRequest.m; sourceTree = "<group>"; };
		48476B581B8EE705007CF168 /* Reachability.h */ = {isa = PBXFileReference; fileEncoding = 4; lastKnownFileType = sourcecode.c.h; path = Reachability.h; sourceTree = "<group>"; };
		48476B591B8EE705007CF168 /* Reachability.m */ = {isa = PBXFileReference; fileEncoding = 4; lastKnownFileType = sourcecode.c.objc; path = Reachability.m; sourceTree = "<group>"; };
		48476B5B1B8EE705007CF168 /* ASINSXMLParserCompat.h */ = {isa = PBXFileReference; fileEncoding = 4; lastKnownFileType = sourcecode.c.h; path = ASINSXMLParserCompat.h; sourceTree = "<group>"; };
		48476B5C1B8EE705007CF168 /* ASIS3Bucket.h */ = {isa = PBXFileReference; fileEncoding = 4; lastKnownFileType = sourcecode.c.h; path = ASIS3Bucket.h; sourceTree = "<group>"; };
		48476B5D1B8EE705007CF168 /* ASIS3Bucket.m */ = {isa = PBXFileReference; fileEncoding = 4; lastKnownFileType = sourcecode.c.objc; path = ASIS3Bucket.m; sourceTree = "<group>"; };
		48476B5E1B8EE705007CF168 /* ASIS3BucketObject.h */ = {isa = PBXFileReference; fileEncoding = 4; lastKnownFileType = sourcecode.c.h; path = ASIS3BucketObject.h; sourceTree = "<group>"; };
		48476B5F1B8EE705007CF168 /* ASIS3BucketObject.m */ = {isa = PBXFileReference; fileEncoding = 4; lastKnownFileType = sourcecode.c.objc; path = ASIS3BucketObject.m; sourceTree = "<group>"; };
		48476B601B8EE705007CF168 /* ASIS3BucketRequest.h */ = {isa = PBXFileReference; fileEncoding = 4; lastKnownFileType = sourcecode.c.h; path = ASIS3BucketRequest.h; sourceTree = "<group>"; };
		48476B611B8EE705007CF168 /* ASIS3BucketRequest.m */ = {isa = PBXFileReference; fileEncoding = 4; lastKnownFileType = sourcecode.c.objc; path = ASIS3BucketRequest.m; sourceTree = "<group>"; };
		48476B621B8EE705007CF168 /* ASIS3ObjectRequest.h */ = {isa = PBXFileReference; fileEncoding = 4; lastKnownFileType = sourcecode.c.h; path = ASIS3ObjectRequest.h; sourceTree = "<group>"; };
		48476B631B8EE705007CF168 /* ASIS3ObjectRequest.m */ = {isa = PBXFileReference; fileEncoding = 4; lastKnownFileType = sourcecode.c.objc; path = ASIS3ObjectRequest.m; sourceTree = "<group>"; };
		48476B641B8EE705007CF168 /* ASIS3Request.h */ = {isa = PBXFileReference; fileEncoding = 4; lastKnownFileType = sourcecode.c.h; path = ASIS3Request.h; sourceTree = "<group>"; };
		48476B651B8EE705007CF168 /* ASIS3Request.m */ = {isa = PBXFileReference; fileEncoding = 4; lastKnownFileType = sourcecode.c.objc; path = ASIS3Request.m; sourceTree = "<group>"; };
		48476B661B8EE705007CF168 /* ASIS3ServiceRequest.h */ = {isa = PBXFileReference; fileEncoding = 4; lastKnownFileType = sourcecode.c.h; path = ASIS3ServiceRequest.h; sourceTree = "<group>"; };
		48476B671B8EE705007CF168 /* ASIS3ServiceRequest.m */ = {isa = PBXFileReference; fileEncoding = 4; lastKnownFileType = sourcecode.c.objc; path = ASIS3ServiceRequest.m; sourceTree = "<group>"; };
		48476B6A1B8EE705007CF168 /* NSString+URLEncoding.h */ = {isa = PBXFileReference; fileEncoding = 4; lastKnownFileType = sourcecode.c.h; path = "NSString+URLEncoding.h"; sourceTree = "<group>"; };
		48476B6B1B8EE705007CF168 /* NSString+URLEncoding.m */ = {isa = PBXFileReference; fileEncoding = 4; lastKnownFileType = sourcecode.c.objc; path = "NSString+URLEncoding.m"; sourceTree = "<group>"; };
/* End PBXFileReference section */

/* Begin PBXFrameworksBuildPhase section */
		4804A3CB1B8EB54400C473B9 /* Frameworks */ = {
			isa = PBXFrameworksBuildPhase;
			buildActionMask = 2147483647;
			files = (
				4814F8A01B8EE7970035AF23 /* libxml2.dylib in Frameworks */,
				4814F89E1B8EE7900035AF23 /* libz.dylib in Frameworks */,
				4814F89C1B8EE78B0035AF23 /* CoreGraphics.framework in Frameworks */,
				4814F89A1B8EE7830035AF23 /* CFNetwork.framework in Frameworks */,
				4814F8981B8EE77E0035AF23 /* MobileCoreServices.framework in Frameworks */,
				4814F8961B8EE7780035AF23 /* SystemConfiguration.framework in Frameworks */,
			);
			runOnlyForDeploymentPostprocessing = 0;
		};
		4804A3E41B8EB54400C473B9 /* Frameworks */ = {
			isa = PBXFrameworksBuildPhase;
			buildActionMask = 2147483647;
			files = (
			);
			runOnlyForDeploymentPostprocessing = 0;
		};
/* End PBXFrameworksBuildPhase section */

/* Begin PBXGroup section */
		4804A3C51B8EB54400C473B9 = {
			isa = PBXGroup;
			children = (
				4814F89F1B8EE7970035AF23 /* libxml2.dylib */,
				4814F89D1B8EE7900035AF23 /* libz.dylib */,
				4814F89B1B8EE78B0035AF23 /* CoreGraphics.framework */,
				4814F8991B8EE7830035AF23 /* CFNetwork.framework */,
				4814F8971B8EE77E0035AF23 /* MobileCoreServices.framework */,
				4814F8951B8EE7780035AF23 /* SystemConfiguration.framework */,
				4804A3D01B8EB54400C473B9 /* 006ASI-POST */,
				4804A3EA1B8EB54400C473B9 /* 006ASI-POSTTests */,
				4804A3CF1B8EB54400C473B9 /* Products */,
			);
			sourceTree = "<group>";
		};
		4804A3CF1B8EB54400C473B9 /* Products */ = {
			isa = PBXGroup;
			children = (
				4804A3CE1B8EB54400C473B9 /* 006ASI-POST.app */,
				4804A3E71B8EB54400C473B9 /* 006ASI-POSTTests.xctest */,
			);
			name = Products;
			sourceTree = "<group>";
		};
		4804A3D01B8EB54400C473B9 /* 006ASI-POST */ = {
			isa = PBXGroup;
			children = (
				48476B301B8EE705007CF168 /* ASIHttpRequest */,
				48476B691B8EE705007CF168 /* NSString+URLEncoding */,
				4804A3D51B8EB54400C473B9 /* AppDelegate.h */,
				4804A3D61B8EB54400C473B9 /* AppDelegate.m */,
				4804A3D81B8EB54400C473B9 /* ViewController.h */,
				4804A3D91B8EB54400C473B9 /* ViewController.m */,
				4804A3DB1B8EB54400C473B9 /* Main.storyboard */,
				4804A3DE1B8EB54400C473B9 /* Images.xcassets */,
				4804A3E01B8EB54400C473B9 /* LaunchScreen.xib */,
				4804A3D11B8EB54400C473B9 /* Supporting Files */,
			);
			path = "006ASI-POST";
			sourceTree = "<group>";
		};
		4804A3D11B8EB54400C473B9 /* Supporting Files */ = {
			isa = PBXGroup;
			children = (
				4804A3D21B8EB54400C473B9 /* Info.plist */,
				4804A3D31B8EB54400C473B9 /* main.m */,
			);
			name = "Supporting Files";
			sourceTree = "<group>";
		};
		4804A3EA1B8EB54400C473B9 /* 006ASI-POSTTests */ = {
			isa = PBXGroup;
			children = (
				4804A3ED1B8EB54400C473B9 /* _06ASI_POSTTests.m */,
				4804A3EB1B8EB54400C473B9 /* Supporting Files */,
			);
			path = "006ASI-POSTTests";
			sourceTree = "<group>";
		};
		4804A3EB1B8EB54400C473B9 /* Supporting Files */ = {
			isa = PBXGroup;
			children = (
				4804A3EC1B8EB54400C473B9 /* Info.plist */,
			);
			name = "Supporting Files";
			sourceTree = "<group>";
		};
		48476B301B8EE705007CF168 /* ASIHttpRequest */ = {
			isa = PBXGroup;
			children = (
				48476B311B8EE705007CF168 /* ASIAuthenticationDialog.h */,
				48476B321B8EE705007CF168 /* ASIAuthenticationDialog.m */,
				48476B331B8EE705007CF168 /* ASICacheDelegate.h */,
				48476B341B8EE705007CF168 /* ASIDataCompressor.h */,
				48476B351B8EE705007CF168 /* ASIDataCompressor.m */,
				48476B361B8EE705007CF168 /* ASIDataDecompressor.h */,
				48476B371B8EE705007CF168 /* ASIDataDecompressor.m */,
				48476B381B8EE705007CF168 /* ASIDownloadCache.h */,
				48476B391B8EE705007CF168 /* ASIDownloadCache.m */,
				48476B3A1B8EE705007CF168 /* ASIFormDataRequest.h */,
				48476B3B1B8EE705007CF168 /* ASIFormDataRequest.m */,
				48476B3C1B8EE705007CF168 /* ASIHTTPRequest.h */,
				48476B3D1B8EE705007CF168 /* ASIHTTPRequest.m */,
				48476B3E1B8EE705007CF168 /* ASIHTTPRequestConfig.h */,
				48476B3F1B8EE705007CF168 /* ASIHTTPRequestDelegate.h */,
				48476B401B8EE705007CF168 /* ASIInputStream.h */,
				48476B411B8EE705007CF168 /* ASIInputStream.m */,
				48476B421B8EE705007CF168 /* ASINetworkQueue.h */,
				48476B431B8EE705007CF168 /* ASINetworkQueue.m */,
				48476B441B8EE705007CF168 /* ASIProgressDelegate.h */,
				48476B451B8EE705007CF168 /* ASIWebPageRequest */,
				48476B481B8EE705007CF168 /* CloudFiles */,
				48476B571B8EE705007CF168 /* Reachability */,
				48476B5A1B8EE705007CF168 /* S3 */,
				48476B681B8EE705007CF168 /* Tests */,
			);
			path = ASIHttpRequest;
			sourceTree = "<group>";
		};
		48476B451B8EE705007CF168 /* ASIWebPageRequest */ = {
			isa = PBXGroup;
			children = (
				48476B461B8EE705007CF168 /* ASIWebPageRequest.h */,
				48476B471B8EE705007CF168 /* ASIWebPageRequest.m */,
			);
			path = ASIWebPageRequest;
			sourceTree = "<group>";
		};
		48476B481B8EE705007CF168 /* CloudFiles */ = {
			isa = PBXGroup;
			children = (
				48476B491B8EE705007CF168 /* ASICloudFilesCDNRequest.h */,
				48476B4A1B8EE705007CF168 /* ASICloudFilesCDNRequest.m */,
				48476B4B1B8EE705007CF168 /* ASICloudFilesContainer.h */,
				48476B4C1B8EE705007CF168 /* ASICloudFilesContainer.m */,
				48476B4D1B8EE705007CF168 /* ASICloudFilesContainerRequest.h */,
				48476B4E1B8EE705007CF168 /* ASICloudFilesContainerRequest.m */,
				48476B4F1B8EE705007CF168 /* ASICloudFilesContainerXMLParserDelegate.h */,
				48476B501B8EE705007CF168 /* ASICloudFilesContainerXMLParserDelegate.m */,
				48476B511B8EE705007CF168 /* ASICloudFilesObject.h */,
				48476B521B8EE705007CF168 /* ASICloudFilesObject.m */,
				48476B531B8EE705007CF168 /* ASICloudFilesObjectRequest.h */,
				48476B541B8EE705007CF168 /* ASICloudFilesObjectRequest.m */,
				48476B551B8EE705007CF168 /* ASICloudFilesRequest.h */,
				48476B561B8EE705007CF168 /* ASICloudFilesRequest.m */,
			);
			path = CloudFiles;
			sourceTree = "<group>";
		};
		48476B571B8EE705007CF168 /* Reachability */ = {
			isa = PBXGroup;
			children = (
				48476B581B8EE705007CF168 /* Reachability.h */,
				48476B591B8EE705007CF168 /* Reachability.m */,
			);
			path = Reachability;
			sourceTree = "<group>";
		};
		48476B5A1B8EE705007CF168 /* S3 */ = {
			isa = PBXGroup;
			children = (
				48476B5B1B8EE705007CF168 /* ASINSXMLParserCompat.h */,
				48476B5C1B8EE705007CF168 /* ASIS3Bucket.h */,
				48476B5D1B8EE705007CF168 /* ASIS3Bucket.m */,
				48476B5E1B8EE705007CF168 /* ASIS3BucketObject.h */,
				48476B5F1B8EE705007CF168 /* ASIS3BucketObject.m */,
				48476B601B8EE705007CF168 /* ASIS3BucketRequest.h */,
				48476B611B8EE705007CF168 /* ASIS3BucketRequest.m */,
				48476B621B8EE705007CF168 /* ASIS3ObjectRequest.h */,
				48476B631B8EE705007CF168 /* ASIS3ObjectRequest.m */,
				48476B641B8EE705007CF168 /* ASIS3Request.h */,
				48476B651B8EE705007CF168 /* ASIS3Request.m */,
				48476B661B8EE705007CF168 /* ASIS3ServiceRequest.h */,
				48476B671B8EE705007CF168 /* ASIS3ServiceRequest.m */,
			);
			path = S3;
			sourceTree = "<group>";
		};
		48476B681B8EE705007CF168 /* Tests */ = {
			isa = PBXGroup;
			children = (
			);
			path = Tests;
			sourceTree = "<group>";
		};
		48476B691B8EE705007CF168 /* NSString+URLEncoding */ = {
			isa = PBXGroup;
			children = (
				48476B6A1B8EE705007CF168 /* NSString+URLEncoding.h */,
				48476B6B1B8EE705007CF168 /* NSString+URLEncoding.m */,
			);
			path = "NSString+URLEncoding";
			sourceTree = "<group>";
		};
/* End PBXGroup section */

/* Begin PBXNativeTarget section */
		4804A3CD1B8EB54400C473B9 /* 006ASI-POST */ = {
			isa = PBXNativeTarget;
			buildConfigurationList = 4804A3F11B8EB54400C473B9 /* Build configuration list for PBXNativeTarget "006ASI-POST" */;
			buildPhases = (
				4804A3CA1B8EB54400C473B9 /* Sources */,
				4804A3CB1B8EB54400C473B9 /* Frameworks */,
				4804A3CC1B8EB54400C473B9 /* Resources */,
			);
			buildRules = (
			);
			dependencies = (
			);
			name = "006ASI-POST";
			productName = "006ASI-POST";
			productReference = 4804A3CE1B8EB54400C473B9 /* 006ASI-POST.app */;
			productType = "com.apple.product-type.application";
		};
		4804A3E61B8EB54400C473B9 /* 006ASI-POSTTests */ = {
			isa = PBXNativeTarget;
			buildConfigurationList = 4804A3F41B8EB54400C473B9 /* Build configuration list for PBXNativeTarget "006ASI-POSTTests" */;
			buildPhases = (
				4804A3E31B8EB54400C473B9 /* Sources */,
				4804A3E41B8EB54400C473B9 /* Frameworks */,
				4804A3E51B8EB54400C473B9 /* Resources */,
			);
			buildRules = (
			);
			dependencies = (
				4804A3E91B8EB54400C473B9 /* PBXTargetDependency */,
			);
			name = "006ASI-POSTTests";
			productName = "006ASI-POSTTests";
			productReference = 4804A3E71B8EB54400C473B9 /* 006ASI-POSTTests.xctest */;
			productType = "com.apple.product-type.bundle.unit-test";
		};
/* End PBXNativeTarget section */

/* Begin PBXProject section */
		4804A3C61B8EB54400C473B9 /* Project object */ = {
			isa = PBXProject;
			attributes = {
				LastUpgradeCheck = 0630;
				ORGANIZATIONNAME = "黎跃春";
				TargetAttributes = {
					4804A3CD1B8EB54400C473B9 = {
						CreatedOnToolsVersion = 6.3.1;
					};
					4804A3E61B8EB54400C473B9 = {
						CreatedOnToolsVersion = 6.3.1;
						TestTargetID = 4804A3CD1B8EB54400C473B9;
					};
				};
			};
			buildConfigurationList = 4804A3C91B8EB54400C473B9 /* Build configuration list for PBXProject "006ASI-POST" */;
			compatibilityVersion = "Xcode 3.2";
			developmentRegion = English;
			hasScannedForEncodings = 0;
			knownRegions = (
				en,
				Base,
			);
			mainGroup = 4804A3C51B8EB54400C473B9;
			productRefGroup = 4804A3CF1B8EB54400C473B9 /* Products */;
			projectDirPath = "";
			projectRoot = "";
			targets = (
				4804A3CD1B8EB54400C473B9 /* 006ASI-POST */,
				4804A3E61B8EB54400C473B9 /* 006ASI-POSTTests */,
			);
		};
/* End PBXProject section */

/* Begin PBXResourcesBuildPhase section */
		4804A3CC1B8EB54400C473B9 /* Resources */ = {
			isa = PBXResourcesBuildPhase;
			buildActionMask = 2147483647;
			files = (
				4804A3DD1B8EB54400C473B9 /* Main.storyboard in Resources */,
				4804A3E21B8EB54400C473B9 /* LaunchScreen.xib in Resources */,
				4804A3DF1B8EB54400C473B9 /* Images.xcassets in Resources */,
			);
			runOnlyForDeploymentPostprocessing = 0;
		};
		4804A3E51B8EB54400C473B9 /* Resources */ = {
			isa = PBXResourcesBuildPhase;
			buildActionMask = 2147483647;
			files = (
			);
			runOnlyForDeploymentPostprocessing = 0;
		};
/* End PBXResourcesBuildPhase section */

/* Begin PBXSourcesBuildPhase section */
		4804A3CA1B8EB54400C473B9 /* Sources */ = {
			isa = PBXSourcesBuildPhase;
			buildActionMask = 2147483647;
			files = (
				48476B6D1B8EE705007CF168 /* ASIDataCompressor.m in Sources */,
				4804A3DA1B8EB54400C473B9 /* ViewController.m in Sources */,
				48476B801B8EE705007CF168 /* ASIS3ObjectRequest.m in Sources */,
				48476B711B8EE705007CF168 /* ASIHTTPRequest.m in Sources */,
				48476B6C1B8EE705007CF168 /* ASIAuthenticationDialog.m in Sources */,
				48476B7D1B8EE705007CF168 /* ASIS3Bucket.m in Sources */,
				48476B751B8EE705007CF168 /* ASICloudFilesCDNRequest.m in Sources */,
				48476B701B8EE705007CF168 /* ASIFormDataRequest.m in Sources */,
				4804A3D71B8EB54400C473B9 /* AppDelegate.m in Sources */,
				48476B831B8EE705007CF168 /* NSString+URLEncoding.m in Sources */,
				48476B781B8EE705007CF168 /* ASICloudFilesContainerXMLParserDelegate.m in Sources */,
				48476B771B8EE705007CF168 /* ASICloudFilesContainerRequest.m in Sources */,
				48476B821B8EE705007CF168 /* ASIS3ServiceRequest.m in Sources */,
				48476B721B8EE705007CF168 /* ASIInputStream.m in Sources */,
				48476B7B1B8EE705007CF168 /* ASICloudFilesRequest.m in Sources */,
				48476B741B8EE705007CF168 /* ASIWebPageRequest.m in Sources */,
				48476B761B8EE705007CF168 /* ASICloudFilesContainer.m in Sources */,
				48476B7A1B8EE705007CF168 /* ASICloudFilesObjectRequest.m in Sources */,
				48476B811B8EE705007CF168 /* ASIS3Request.m in Sources */,
				48476B7C1B8EE705007CF168 /* Reachability.m in Sources */,
				4804A3D41B8EB54400C473B9 /* main.m in Sources */,
				48476B731B8EE705007CF168 /* ASINetworkQueue.m in Sources */,
				48476B6E1B8EE705007CF168 /* ASIDataDecompressor.m in Sources */,
				48476B791B8EE705007CF168 /* ASICloudFilesObject.m in Sources */,
				48476B7F1B8EE705007CF168 /* ASIS3BucketRequest.m in Sources */,
				48476B7E1B8EE705007CF168 /* ASIS3BucketObject.m in Sources */,
				48476B6F1B8EE705007CF168 /* ASIDownloadCache.m in Sources */,
			);
			runOnlyForDeploymentPostprocessing = 0;
		};
		4804A3E31B8EB54400C473B9 /* Sources */ = {
			isa = PBXSourcesBuildPhase;
			buildActionMask = 2147483647;
			files = (
				4804A3EE1B8EB54400C473B9 /* _06ASI_POSTTests.m in Sources */,
			);
			runOnlyForDeploymentPostprocessing = 0;
		};
/* End PBXSourcesBuildPhase section */

/* Begin PBXTargetDependency section */
		4804A3E91B8EB54400C473B9 /* PBXTargetDependency */ = {
			isa = PBXTargetDependency;
			target = 4804A3CD1B8EB54400C473B9 /* 006ASI-POST */;
			targetProxy = 4804A3E81B8EB54400C473B9 /* PBXContainerItemProxy */;
		};
/* End PBXTargetDependency section */

/* Begin PBXVariantGroup section */
		4804A3DB1B8EB54400C473B9 /* Main.storyboard */ = {
			isa = PBXVariantGroup;
			children = (
				4804A3DC1B8EB54400C473B9 /* Base */,
			);
			name = Main.storyboard;
			sourceTree = "<group>";
		};
		4804A3E01B8EB54400C473B9 /* LaunchScreen.xib */ = {
			isa = PBXVariantGroup;
			children = (
				4804A3E11B8EB54400C473B9 /* Base */,
			);
			name = LaunchScreen.xib;
			sourceTree = "<group>";
		};
/* End PBXVariantGroup section */

/* Begin XCBuildConfiguration section */
		4804A3EF1B8EB54400C473B9 /* Debug */ = {
			isa = XCBuildConfiguration;
			buildSettings = {
				ALWAYS_SEARCH_USER_PATHS = NO;
				CLANG_CXX_LANGUAGE_STANDARD = "gnu++0x";
				CLANG_CXX_LIBRARY = "libc++";
				CLANG_ENABLE_MODULES = YES;
				CLANG_ENABLE_OBJC_ARC = YES;
				CLANG_WARN_BOOL_CONVERSION = YES;
				CLANG_WARN_CONSTANT_CONVERSION = YES;
				CLANG_WARN_DIRECT_OBJC_ISA_USAGE = YES_ERROR;
				CLANG_WARN_EMPTY_BODY = YES;
				CLANG_WARN_ENUM_CONVERSION = YES;
				CLANG_WARN_INT_CONVERSION = YES;
				CLANG_WARN_OBJC_ROOT_CLASS = YES_ERROR;
				CLANG_WARN_UNREACHABLE_CODE = YES;
				CLANG_WARN__DUPLICATE_METHOD_MATCH = YES;
				"CODE_SIGN_IDENTITY[sdk=iphoneos*]" = "iPhone Developer";
				COPY_PHASE_STRIP = NO;
				DEBUG_INFORMATION_FORMAT = "dwarf-with-dsym";
				ENABLE_STRICT_OBJC_MSGSEND = YES;
				GCC_C_LANGUAGE_STANDARD = gnu99;
				GCC_DYNAMIC_NO_PIC = NO;
				GCC_NO_COMMON_BLOCKS = YES;
				GCC_OPTIMIZATION_LEVEL = 0;
				GCC_PREPROCESSOR_DEFINITIONS = (
					"DEBUG=1",
					"$(inherited)",
				);
				GCC_SYMBOLS_PRIVATE_EXTERN = NO;
				GCC_WARN_64_TO_32_BIT_CONVERSION = YES;
				GCC_WARN_ABOUT_RETURN_TYPE = YES_ERROR;
				GCC_WARN_UNDECLARED_SELECTOR = YES;
				GCC_WARN_UNINITIALIZED_AUTOS = YES_AGGRESSIVE;
				GCC_WARN_UNUSED_FUNCTION = YES;
				GCC_WARN_UNUSED_VARIABLE = YES;
				IPHONEOS_DEPLOYMENT_TARGET = 8.3;
				MTL_ENABLE_DEBUG_INFO = YES;
				ONLY_ACTIVE_ARCH = YES;
				SDKROOT = iphoneos;
			};
			name = Debug;
		};
		4804A3F01B8EB54400C473B9 /* Release */ = {
			isa = XCBuildConfiguration;
			buildSettings = {
				ALWAYS_SEARCH_USER_PATHS = NO;
				CLANG_CXX_LANGUAGE_STANDARD = "gnu++0x";
				CLANG_CXX_LIBRARY = "libc++";
				CLANG_ENABLE_MODULES = YES;
				CLANG_ENABLE_OBJC_ARC = YES;
				CLANG_WARN_BOOL_CONVERSION = YES;
				CLANG_WARN_CONSTANT_CONVERSION = YES;
				CLANG_WARN_DIRECT_OBJC_ISA_USAGE = YES_ERROR;
				CLANG_WARN_EMPTY_BODY = YES;
				CLANG_WARN_ENUM_CONVERSION = YES;
				CLANG_WARN_INT_CONVERSION = YES;
				CLANG_WARN_OBJC_ROOT_CLASS = YES_ERROR;
				CLANG_WARN_UNREACHABLE_CODE = YES;
				CLANG_WARN__DUPLICATE_METHOD_MATCH = YES;
				"CODE_SIGN_IDENTITY[sdk=iphoneos*]" = "iPhone Developer";
				COPY_PHASE_STRIP = NO;
				DEBUG_INFORMATION_FORMAT = "dwarf-with-dsym";
				ENABLE_NS_ASSERTIONS = NO;
				ENABLE_STRICT_OBJC_MSGSEND = YES;
				GCC_C_LANGUAGE_STANDARD = gnu99;
				GCC_NO_COMMON_BLOCKS = YES;
				GCC_WARN_64_TO_32_BIT_CONVERSION = YES;
				GCC_WARN_ABOUT_RETURN_TYPE = YES_ERROR;
				GCC_WARN_UNDECLARED_SELECTOR = YES;
				GCC_WARN_UNINITIALIZED_AUTOS = YES_AGGRESSIVE;
				GCC_WARN_UNUSED_FUNCTION = YES;
				GCC_WARN_UNUSED_VARIABLE = YES;
				IPHONEOS_DEPLOYMENT_TARGET = 8.3;
				MTL_ENABLE_DEBUG_INFO = NO;
				SDKROOT = iphoneos;
				VALIDATE_PRODUCT = YES;
			};
			name = Release;
		};
		4804A3F21B8EB54400C473B9 /* Debug */ = {
			isa = XCBuildConfiguration;
			buildSettings = {
				ASSETCATALOG_COMPILER_APPICON_NAME = AppIcon;
				HEADER_SEARCH_PATHS = (
					"$(inherited)",
					/Applications/Xcode.app/Contents/Developer/Toolchains/XcodeDefault.xctoolchain/usr/include,
					/usr/include/libxml2,
				);
				INFOPLIST_FILE = "006ASI-POST/Info.plist";
				LD_RUNPATH_SEARCH_PATHS = "$(inherited) @executable_path/Frameworks";
				PRODUCT_NAME = "$(TARGET_NAME)";
			};
			name = Debug;
		};
		4804A3F31B8EB54400C473B9 /* Release */ = {
			isa = XCBuildConfiguration;
			buildSettings = {
				ASSETCATALOG_COMPILER_APPICON_NAME = AppIcon;
				HEADER_SEARCH_PATHS = (
					"$(inherited)",
					/Applications/Xcode.app/Contents/Developer/Toolchains/XcodeDefault.xctoolchain/usr/include,
					/usr/include/libxml2,
				);
				INFOPLIST_FILE = "006ASI-POST/Info.plist";
				LD_RUNPATH_SEARCH_PATHS = "$(inherited) @executable_path/Frameworks";
				PRODUCT_NAME = "$(TARGET_NAME)";
			};
			name = Release;
		};
		4804A3F51B8EB54400C473B9 /* Debug */ = {
			isa = XCBuildConfiguration;
			buildSettings = {
				BUNDLE_LOADER = "$(TEST_HOST)";
				FRAMEWORK_SEARCH_PATHS = (
					"$(SDKROOT)/Developer/Library/Frameworks",
					"$(inherited)",
				);
				GCC_PREPROCESSOR_DEFINITIONS = (
					"DEBUG=1",
					"$(inherited)",
				);
				INFOPLIST_FILE = "006ASI-POSTTests/Info.plist";
				LD_RUNPATH_SEARCH_PATHS = "$(inherited) @executable_path/Frameworks @loader_path/Frameworks";
				PRODUCT_NAME = "$(TARGET_NAME)";
				TEST_HOST = "$(BUILT_PRODUCTS_DIR)/006ASI-POST.app/006ASI-POST";
			};
			name = Debug;
		};
		4804A3F61B8EB54400C473B9 /* Release */ = {
			isa = XCBuildConfiguration;
			buildSettings = {
				BUNDLE_LOADER = "$(TEST_HOST)";
				FRAMEWORK_SEARCH_PATHS = (
					"$(SDKROOT)/Developer/Library/Frameworks",
					"$(inherited)",
				);
				INFOPLIST_FILE = "006ASI-POSTTests/Info.plist";
				LD_RUNPATH_SEARCH_PATHS = "$(inherited) @executable_path/Frameworks @loader_path/Frameworks";
				PRODUCT_NAME = "$(TARGET_NAME)";
				TEST_HOST = "$(BUILT_PRODUCTS_DIR)/006ASI-POST.app/006ASI-POST";
			};
			name = Release;
		};
/* End XCBuildConfiguration section */

/* Begin XCConfigurationList section */
		4804A3C91B8EB54400C473B9 /* Build configuration list for PBXProject "006ASI-POST" */ = {
			isa = XCConfigurationList;
			buildConfigurations = (
				4804A3EF1B8EB54400C473B9 /* Debug */,
				4804A3F01B8EB54400C473B9 /* Release */,
			);
			defaultConfigurationIsVisible = 0;
			defaultConfigurationName = Release;
		};
		4804A3F11B8EB54400C473B9 /* Build configuration list for PBXNativeTarget "006ASI-POST" */ = {
			isa = XCConfigurationList;
			buildConfigurations = (
				4804A3F21B8EB54400C473B9 /* Debug */,
				4804A3F31B8EB54400C473B9 /* Release */,
			);
			defaultConfigurationIsVisible = 0;
			defaultConfigurationName = Release;
		};
		4804A3F41B8EB54400C473B9 /* Build configuration list for PBXNativeTarget "006ASI-POSTTests" */ = {
			isa = XCConfigurationList;
			buildConfigurations = (
				4804A3F51B8EB54400C473B9 /* Debug */,
				4804A3F61B8EB54400C473B9 /* Release */,
			);
			defaultConfigurationIsVisible = 0;
			defaultConfigurationName = Release;
		};
/* End XCConfigurationList section */
	};
	rootObject = 4804A3C61B8EB54400C473B9 /* Project object */;
}
